
Microsoft Visual Studio Solution File, Format Version 12.00
# Visual Studio Version 17
VisualStudioVersion = 17.14.36518.9 d17.14
MinimumVisualStudioVersion = 10.0.40219.1
Project("{FAE04EC0-301F-11D3-BF4B-00C04F79EFBC}") = "MithrilToolbox", "MithrilToolbox.csproj", "{555E74AC-6ABC-4955-BAD8-18E41DFD1AAD}"
EndProject
Global
	GlobalSection(SolutionConfigurationPlatforms) = preSolution
		Debug|Any CPU = Debug|Any CPU
		Release|Any CPU = Release|Any CPU
	EndGlobalSection
	GlobalSection(ProjectConfigurationPlatforms) = postSolution
		{555E74AC-6ABC-4955-BAD8-18E41DFD1AAD}.Debug|Any CPU.ActiveCfg = Debug|Any CPU
		{555E74AC-6ABC-4955-BAD8-18E41DFD1AAD}.Debug|Any CPU.Build.0 = Debug|Any CPU
		{555E74AC-6ABC-4955-BAD8-18E41DFD1AAD}.Release|Any CPU.ActiveCfg = Release|Any CPU
		{555E74AC-6ABC-4955-BAD8-18E41DFD1AAD}.Release|Any CPU.Build.0 = Release|Any CPU
	EndGlobalSection
	GlobalSection(SolutionProperties) = preSolution
		HideSolutionNode = FALSE
	EndGlobalSection
	GlobalSection(ExtensibilityGlobals) = postSolution
		SolutionGuid = {3D9A0700-E107-4214-BC62-7342FB46B9B0}
	EndGlobalSection
EndGlobal
